// !$*UTF8*$!
{
	archiveVersion = 1;
	classes = {
	};
	objectVersion = 46;
	objects = {

/* Begin PBXBuildFile section */
		DB86016E1C223DB900AADBA3 /* main.cpp in Sources */ = {isa = PBXBuildFile; fileRef = DB86016D1C223DB900AADBA3 /* main.cpp */; };
		DB8601781C223EFD00AADBA3 /* ClientHandler.cpp in Sources */ = {isa = PBXBuildFile; fileRef = DB8601741C223EFD00AADBA3 /* ClientHandler.cpp */; };
		DB86017C1C223F5300AADBA3 /* ProxyServer.cpp in Sources */ = {isa = PBXBuildFile; fileRef = DB8601761C223EFD00AADBA3 /* ProxyServer.cpp */; };
		DBD5ED741C264931008D1057 /* Utils.cpp in Sources */ = {isa = PBXBuildFile; fileRef = DBD5ED721C264931008D1057 /* Utils.cpp */; settings = {COMPILER_FLAGS = "-D DEBUG"; }; };
/* End PBXBuildFile section */

/* Begin PBXCopyFilesBuildPhase section */
		DB8601681C223DB900AADBA3 /* CopyFiles */ = {
			isa = PBXCopyFilesBuildPhase;
			buildActionMask = 2147483647;
			dstPath = /usr/share/man/man1/;
			dstSubfolderSpec = 0;
			files = (
			);
			runOnlyForDeploymentPostprocessing = 1;
		};
/* End PBXCopyFilesBuildPhase section */

/* Begin PBXFileReference section */
		DB86016A1C223DB900AADBA3 /* ProxyServer */ = {isa = PBXFileReference; explicitFileType = "compiled.mach-o.executable"; includeInIndex = 0; path = ProxyServer; sourceTree = BUILT_PRODUCTS_DIR; };
		DB86016D1C223DB900AADBA3 /* main.cpp */ = {isa = PBXFileReference; lastKnownFileType = sourcecode.cpp.cpp; path = main.cpp; sourceTree = "<group>"; };
		DB8601741C223EFD00AADBA3 /* ClientHandler.cpp */ = {isa = PBXFileReference; lastKnownFileType = sourcecode.cpp.cpp; path = ClientHandler.cpp; sourceTree = "<group>"; };
		DB8601751C223EFD00AADBA3 /* ClientHandler.hpp */ = {isa = PBXFileReference; lastKnownFileType = sourcecode.cpp.h; path = ClientHandler.hpp; sourceTree = "<group>"; };
		DB8601761C223EFD00AADBA3 /* ProxyServer.cpp */ = {isa = PBXFileReference; lastKnownFileType = sourcecode.cpp.cpp; path = ProxyServer.cpp; sourceTree = "<group>"; };
		DB8601771C223EFD00AADBA3 /* ProxyServer.hpp */ = {isa = PBXFileReference; lastKnownFileType = sourcecode.cpp.h; path = ProxyServer.hpp; sourceTree = "<group>"; };
		DBD5ED721C264931008D1057 /* Utils.cpp */ = {isa = PBXFileReference; fileEncoding = 4; lastKnownFileType = sourcecode.cpp.cpp; path = Utils.cpp; sourceTree = "<group>"; };
		DBD5ED731C264931008D1057 /* Utils.hpp */ = {isa = PBXFileReference; fileEncoding = 4; lastKnownFileType = sourcecode.cpp.h; path = Utils.hpp; sourceTree = "<group>"; };
/* End PBXFileReference section */

/* Begin PBXFrameworksBuildPhase section */
		DB8601671C223DB900AADBA3 /* Frameworks */ = {
			isa = PBXFrameworksBuildPhase;
			buildActionMask = 2147483647;
			files = (
			);
			runOnlyForDeploymentPostprocessing = 0;
		};
/* End PBXFrameworksBuildPhase section */

/* Begin PBXGroup section */
		DB8601611C223DB900AADBA3 = {
			isa = PBXGroup;
			children = (
				DB86016C1C223DB900AADBA3 /* ProxyServer */,
				DB86016B1C223DB900AADBA3 /* Products */,
			);
			sourceTree = "<group>";
		};
		DB86016B1C223DB900AADBA3 /* Products */ = {
			isa = PBXGroup;
			children = (
				DB86016A1C223DB900AADBA3 /* ProxyServer */,
			);
			name = Products;
			sourceTree = "<group>";
		};
		DB86016C1C223DB900AADBA3 /* ProxyServer */ = {
			isa = PBXGroup;
			children = (
				DB8601741C223EFD00AADBA3 /* ClientHandler.cpp */,
				DB8601751C223EFD00AADBA3 /* ClientHandler.hpp */,
				DB8601761C223EFD00AADBA3 /* ProxyServer.cpp */,
				DB8601771C223EFD00AADBA3 /* ProxyServer.hpp */,
				DB86016D1C223DB900AADBA3 /* main.cpp */,
				DBD5ED721C264931008D1057 /* Utils.cpp */,
				DBD5ED731C264931008D1057 /* Utils.hpp */,
			);
			path = ProxyServer;
			sourceTree = "<group>";
		};
/* End PBXGroup section */

/* Begin PBXNativeTarget section */
		DB8601691C223DB900AADBA3 /* ProxyServer */ = {
			isa = PBXNativeTarget;
			buildConfigurationList = DB8601711C223DB900AADBA3 /* Build configuration list for PBXNativeTarget "ProxyServer" */;
			buildPhases = (
				DB8601661C223DB900AADBA3 /* Sources */,
				DB8601671C223DB900AADBA3 /* Frameworks */,
				DB8601681C223DB900AADBA3 /* CopyFiles */,
			);
			buildRules = (
			);
			dependencies = (
			);
			name = ProxyServer;
			productName = ProxyServer;
			productReference = DB86016A1C223DB900AADBA3 /* ProxyServer */;
			productType = "com.apple.product-type.tool";
		};
/* End PBXNativeTarget section */

/* Begin PBXProject section */
		DB8601621C223DB900AADBA3 /* Project object */ = {
			isa = PBXProject;
			attributes = {
				LastUpgradeCheck = 0720;
				ORGANIZATIONNAME = USF;
				TargetAttributes = {
					DB8601691C223DB900AADBA3 = {
						CreatedOnToolsVersion = 7.2;
					};
				};
			};
			buildConfigurationList = DB8601651C223DB900AADBA3 /* Build configuration list for PBXProject "ProxyServer" */;
			compatibilityVersion = "Xcode 3.2";
			developmentRegion = English;
			hasScannedForEncodings = 0;
			knownRegions = (
				en,
			);
			mainGroup = DB8601611C223DB900AADBA3;
			productRefGroup = DB86016B1C223DB900AADBA3 /* Products */;
			projectDirPath = "";
			projectRoot = "";
			targets = (
				DB8601691C223DB900AADBA3 /* ProxyServer */,
			);
		};
/* End PBXProject section */

/* Begin PBXSourcesBuildPhase section */
		DB8601661C223DB900AADBA3 /* Sources */ = {
			isa = PBXSourcesBuildPhase;
			buildActionMask = 2147483647;
			files = (
				DB86017C1C223F5300AADBA3 /* ProxyServer.cpp in Sources */,
				DB8601781C223EFD00AADBA3 /* ClientHandler.cpp in Sources */,
				DB86016E1C223DB900AADBA3 /* main.cpp in Sources */,
				DBD5ED741C264931008D1057 /* Utils.cpp in Sources */,
			);
			runOnlyForDeploymentPostprocessing = 0;
		};
/* End PBXSourcesBuildPhase section */

/* Begin XCBuildConfiguration section */
		DB86016F1C223DB900AADBA3 /* Debug */ = {
			isa = XCBuildConfiguration;
			buildSettings = {
				ALWAYS_SEARCH_USER_PATHS = NO;
				CLANG_CXX_LANGUAGE_STANDARD = "gnu++0x";
				CLANG_CXX_LIBRARY = "libc++";
				CLANG_ENABLE_MODULES = YES;
				CLANG_ENABLE_OBJC_ARC = YES;
				CLANG_WARN_BOOL_CONVERSION = YES;
				CLANG_WARN_CONSTANT_CONVERSION = YES;
				CLANG_WARN_DIRECT_OBJC_ISA_USAGE = YES_ERROR;
				CLANG_WARN_EMPTY_BODY = YES;
				CLANG_WARN_ENUM_CONVERSION = YES;
				CLANG_WARN_INT_CONVERSION = YES;
				CLANG_WARN_OBJC_ROOT_CLASS = YES_ERROR;
				CLANG_WARN_UNREACHABLE_CODE = YES;
				CLANG_WARN__DUPLICATE_METHOD_MATCH = YES;
				CODE_SIGN_IDENTITY = "-";
				COPY_PHASE_STRIP = NO;
				DEBUG_INFORMATION_FORMAT = dwarf;
				ENABLE_STRICT_OBJC_MSGSEND = YES;
				ENABLE_TESTABILITY = YES;
				GCC_C_LANGUAGE_STANDARD = gnu99;
				GCC_DYNAMIC_NO_PIC = NO;
				GCC_NO_COMMON_BLOCKS = YES;
				GCC_OPTIMIZATION_LEVEL = 0;
				GCC_PREPROCESSOR_DEFINITIONS = (
					"DEBUG=1",
					"$(inherited)",
				);
				GCC_WARN_64_TO_32_BIT_CONVERSION = YES;
				GCC_WARN_ABOUT_RETURN_TYPE = YES_ERROR;
				GCC_WARN_UNDECLARED_SELECTOR = YES;
				GCC_WARN_UNINITIALIZED_AUTOS = YES_AGGRESSIVE;
				GCC_WARN_UNUSED_FUNCTION = YES;
				GCC_WARN_UNUSED_VARIABLE = YES;
				MACOSX_DEPLOYMENT_TARGET = 10.11;
				MTL_ENABLE_DEBUG_INFO = YES;
				ONLY_ACTIVE_ARCH = YES;
				SDKROOT = macosx;
			};
			name = Debug;
		};
		DB8601701C223DB900AADBA3 /* Release */ = {
			isa = XCBuildConfiguration;
			buildSettings = {
				ALWAYS_SEARCH_USER_PATHS = NO;
				CLANG_CXX_LANGUAGE_STANDARD = "gnu++0x";
				CLANG_CXX_LIBRARY = "libc++";
				CLANG_ENABLE_MODULES = YES;
				CLANG_ENABLE_OBJC_ARC = YES;
				CLANG_WARN_BOOL_CONVERSION = YES;
				CLANG_WARN_CONSTANT_CONVERSION = YES;
				CLANG_WARN_DIRECT_OBJC_ISA_USAGE = YES_ERROR;
				CLANG_WARN_EMPTY_BODY = YES;
				CLANG_WARN_ENUM_CONVERSION = YES;
				CLANG_WARN_INT_CONVERSION = YES;
				CLANG_WARN_OBJC_ROOT_CLASS = YES_ERROR;
				CLANG_WARN_UNREACHABLE_CODE = YES;
				CLANG_WARN__DUPLICATE_METHOD_MATCH = YES;
				CODE_SIGN_IDENTITY = "-";
				COPY_PHASE_STRIP = NO;
				DEBUG_INFORMATION_FORMAT = "dwarf-with-dsym";
				ENABLE_NS_ASSERTIONS = NO;
				ENABLE_STRICT_OBJC_MSGSEND = YES;
				GCC_C_LANGUAGE_STANDARD = gnu99;
				GCC_NO_COMMON_BLOCKS = YES;
				GCC_WARN_64_TO_32_BIT_CONVERSION = YES;
				GCC_WARN_ABOUT_RETURN_TYPE = YES_ERROR;
				GCC_WARN_UNDECLARED_SELECTOR = YES;
				GCC_WARN_UNINITIALIZED_AUTOS = YES_AGGRESSIVE;
				GCC_WARN_UNUSED_FUNCTION = YES;
				GCC_WARN_UNUSED_VARIABLE = YES;
				MACOSX_DEPLOYMENT_TARGET = 10.11;
				MTL_ENABLE_DEBUG_INFO = NO;
				SDKROOT = macosx;
			};
			name = Release;
		};
		DB8601721C223DB900AADBA3 /* Debug */ = {
			isa = XCBuildConfiguration;
			buildSettings = {
				PRODUCT_NAME = "$(TARGET_NAME)";
			};
			name = Debug;
		};
		DB8601731C223DB900AADBA3 /* Release */ = {
			isa = XCBuildConfiguration;
			buildSettings = {
				PRODUCT_NAME = "$(TARGET_NAME)";
			};
			name = Release;
		};
/* End XCBuildConfiguration section */

/* Begin XCConfigurationList section */
		DB8601651C223DB900AADBA3 /* Build configuration list for PBXProject "ProxyServer" */ = {
			isa = XCConfigurationList;
			buildConfigurations = (
				DB86016F1C223DB900AADBA3 /* Debug */,
				DB8601701C223DB900AADBA3 /* Release */,
			);
			defaultConfigurationIsVisible = 0;
			defaultConfigurationName = Release;
		};
		DB8601711C223DB900AADBA3 /* Build configuration list for PBXNativeTarget "ProxyServer" */ = {
			isa = XCConfigurationList;
			buildConfigurations = (
				DB8601721C223DB900AADBA3 /* Debug */,
				DB8601731C223DB900AADBA3 /* Release */,
			);
			defaultConfigurationIsVisible = 0;
			defaultConfigurationName = Release;
		};
/* End XCConfigurationList section */
	};
	rootObject = DB8601621C223DB900AADBA3 /* Project object */;
}
